{
  "name": "guno",
  "version": "0.0.0",
  "lockfileVersion": 3,
  "requires": true,
  "packages": {
    "": {
      "name": "guno",
      "version": "0.0.0",
      "workspaces": [
        "apps/*",
        "packages/*"
      ]
    },
    "apps/app": {
      "version": "0.0.0"
    },
    "node_modules/@core/domain": {
      "resolved": "packages/domain",
      "link": true
    },
    "node_modules/@core/infrastructure": {
      "resolved": "packages/infrastructure",
      "link": true
    },
    "node_modules/@core/presentation": {
      "resolved": "packages/presentation",
      "link": true
    },
    "node_modules/@core/shared": {
      "resolved": "packages/shared",
      "link": true
    },
    "node_modules/@core/usecase": {
      "resolved": "packages/usecase",
      "link": true
    },
    "node_modules/app": {
      "resolved": "apps/app",
      "link": true
    },
    "packages/domain": {
      "name": "@core/domain",
      "version": "0.0.0"
    },
    "packages/infrastructure": {
      "name": "@core/infrastructure",
      "version": "0.0.0"
    },
    "packages/presentation": {
      "name": "@core/presentation",
      "version": "0.0.0"
    },
    "packages/shared": {
      "name": "@core/shared",
      "version": "0.0.0"
    },
    "packages/usecase": {
      "name": "@core/usecase",
      "version": "0.0.0"
    }
  }
}
